// !$*UTF8*$!
{
	archiveVersion = 1;
	classes = {
	};
	objectVersion = 56;
	objects = {

/* Begin PBXBuildFile section */
		ED685EED2B7506C2007D22B9 /* propromoApp.swift in Sources */ = {isa = PBXBuildFile; fileRef = ED685EEC2B7506C2007D22B9 /* propromoApp.swift */; };
		ED685EEF2B7506C2007D22B9 /* ContentView.swift in Sources */ = {isa = PBXBuildFile; fileRef = ED685EEE2B7506C2007D22B9 /* ContentView.swift */; };
		ED685EF12B7506C3007D22B9 /* Assets.xcassets in Resources */ = {isa = PBXBuildFile; fileRef = ED685EF02B7506C3007D22B9 /* Assets.xcassets */; };
		ED685EF42B7506C3007D22B9 /* Preview Assets.xcassets in Resources */ = {isa = PBXBuildFile; fileRef = ED685EF32B7506C3007D22B9 /* Preview Assets.xcassets */; };
		ED685EFE2B7506C3007D22B9 /* propromoTests.swift in Sources */ = {isa = PBXBuildFile; fileRef = ED685EFD2B7506C3007D22B9 /* propromoTests.swift */; };
		ED685F082B7506C3007D22B9 /* propromoUITests.swift in Sources */ = {isa = PBXBuildFile; fileRef = ED685F072B7506C3007D22B9 /* propromoUITests.swift */; };
		ED685F0A2B7506C3007D22B9 /* propromoUITestsLaunchTests.swift in Sources */ = {isa = PBXBuildFile; fileRef = ED685F092B7506C3007D22B9 /* propromoUITestsLaunchTests.swift */; };
/* End PBXBuildFile section */

/* Begin PBXContainerItemProxy section */
		ED685EFA2B7506C3007D22B9 /* PBXContainerItemProxy */ = {
			isa = PBXContainerItemProxy;
			containerPortal = ED685EE12B7506C2007D22B9 /* Project object */;
			proxyType = 1;
			remoteGlobalIDString = ED685EE82B7506C2007D22B9;
			remoteInfo = propromo;
		};
		ED685F042B7506C3007D22B9 /* PBXContainerItemProxy */ = {
			isa = PBXContainerItemProxy;
			containerPortal = ED685EE12B7506C2007D22B9 /* Project object */;
			proxyType = 1;
			remoteGlobalIDString = ED685EE82B7506C2007D22B9;
			remoteInfo = propromo;
		};
/* End PBXContainerItemProxy section */

/* Begin PBXFileReference section */
		ED685EE92B7506C2007D22B9 /* propromo.app */ = {isa = PBXFileReference; explicitFileType = wrapper.application; includeInIndex = 0; path = propromo.app; sourceTree = BUILT_PRODUCTS_DIR; };
		ED685EEC2B7506C2007D22B9 /* propromoApp.swift */ = {isa = PBXFileReference; lastKnownFileType = sourcecode.swift; path = propromoApp.swift; sourceTree = "<group>"; };
		ED685EEE2B7506C2007D22B9 /* ContentView.swift */ = {isa = PBXFileReference; lastKnownFileType = sourcecode.swift; path = ContentView.swift; sourceTree = "<group>"; };
		ED685EF02B7506C3007D22B9 /* Assets.xcassets */ = {isa = PBXFileReference; lastKnownFileType = folder.assetcatalog; path = Assets.xcassets; sourceTree = "<group>"; };
		ED685EF32B7506C3007D22B9 /* Preview Assets.xcassets */ = {isa = PBXFileReference; lastKnownFileType = folder.assetcatalog; path = "Preview Assets.xcassets"; sourceTree = "<group>"; };
		ED685EF92B7506C3007D22B9 /* propromoTests.xctest */ = {isa = PBXFileReference; explicitFileType = wrapper.cfbundle; includeInIndex = 0; path = propromoTests.xctest; sourceTree = BUILT_PRODUCTS_DIR; };
		ED685EFD2B7506C3007D22B9 /* propromoTests.swift */ = {isa = PBXFileReference; lastKnownFileType = sourcecode.swift; path = propromoTests.swift; sourceTree = "<group>"; };
		ED685F032B7506C3007D22B9 /* propromoUITests.xctest */ = {isa = PBXFileReference; explicitFileType = wrapper.cfbundle; includeInIndex = 0; path = propromoUITests.xctest; sourceTree = BUILT_PRODUCTS_DIR; };
		ED685F072B7506C3007D22B9 /* propromoUITests.swift */ = {isa = PBXFileReference; lastKnownFileType = sourcecode.swift; path = propromoUITests.swift; sourceTree = "<group>"; };
		ED685F092B7506C3007D22B9 /* propromoUITestsLaunchTests.swift */ = {isa = PBXFileReference; lastKnownFileType = sourcecode.swift; path = propromoUITestsLaunchTests.swift; sourceTree = "<group>"; };
/* End PBXFileReference section */

/* Begin PBXFrameworksBuildPhase section */
		ED685EE62B7506C2007D22B9 /* Frameworks */ = {
			isa = PBXFrameworksBuildPhase;
			buildActionMask = 2147483647;
			files = (
			);
			runOnlyForDeploymentPostprocessing = 0;
		};
		ED685EF62B7506C3007D22B9 /* Frameworks */ = {
			isa = PBXFrameworksBuildPhase;
			buildActionMask = 2147483647;
			files = (
			);
			runOnlyForDeploymentPostprocessing = 0;
		};
		ED685F002B7506C3007D22B9 /* Frameworks */ = {
			isa = PBXFrameworksBuildPhase;
			buildActionMask = 2147483647;
			files = (
			);
			runOnlyForDeploymentPostprocessing = 0;
		};
/* End PBXFrameworksBuildPhase section */

/* Begin PBXGroup section */
		ED685EE02B7506C2007D22B9 = {
			isa = PBXGroup;
			children = (
				ED685EEB2B7506C2007D22B9 /* propromo */,
				ED685EFC2B7506C3007D22B9 /* propromoTests */,
				ED685F062B7506C3007D22B9 /* propromoUITests */,
				ED685EEA2B7506C2007D22B9 /* Products */,
			);
			sourceTree = "<group>";
		};
		ED685EEA2B7506C2007D22B9 /* Products */ = {
			isa = PBXGroup;
			children = (
				ED685EE92B7506C2007D22B9 /* propromo.app */,
				ED685EF92B7506C3007D22B9 /* propromoTests.xctest */,
				ED685F032B7506C3007D22B9 /* propromoUITests.xctest */,
			);
			name = Products;
			sourceTree = "<group>";
		};
		ED685EEB2B7506C2007D22B9 /* propromo */ = {
			isa = PBXGroup;
			children = (
				ED685EEC2B7506C2007D22B9 /* propromoApp.swift */,
				ED685EEE2B7506C2007D22B9 /* ContentView.swift */,
				ED685EF02B7506C3007D22B9 /* Assets.xcassets */,
				ED685EF22B7506C3007D22B9 /* Preview Content */,
			);
			path = propromo;
			sourceTree = "<group>";
		};
		ED685EF22B7506C3007D22B9 /* Preview Content */ = {
			isa = PBXGroup;
			children = (
				ED685EF32B7506C3007D22B9 /* Preview Assets.xcassets */,
			);
			path = "Preview Content";
			sourceTree = "<group>";
		};
		ED685EFC2B7506C3007D22B9 /* propromoTests */ = {
			isa = PBXGroup;
			children = (
				ED685EFD2B7506C3007D22B9 /* propromoTests.swift */,
			);
			path = propromoTests;
			sourceTree = "<group>";
		};
		ED685F062B7506C3007D22B9 /* propromoUITests */ = {
			isa = PBXGroup;
			children = (
				ED685F072B7506C3007D22B9 /* propromoUITests.swift */,
				ED685F092B7506C3007D22B9 /* propromoUITestsLaunchTests.swift */,
			);
			path = propromoUITests;
			sourceTree = "<group>";
		};
/* End PBXGroup section */

/* Begin PBXNativeTarget section */
		ED685EE82B7506C2007D22B9 /* propromo */ = {
			isa = PBXNativeTarget;
			buildConfigurationList = ED685F0D2B7506C3007D22B9 /* Build configuration list for PBXNativeTarget "propromo" */;
			buildPhases = (
				ED685EE52B7506C2007D22B9 /* Sources */,
				ED685EE62B7506C2007D22B9 /* Frameworks */,
				ED685EE72B7506C2007D22B9 /* Resources */,
			);
			buildRules = (
			);
			dependencies = (
			);
			name = propromo;
			productName = propromo;
			productReference = ED685EE92B7506C2007D22B9 /* propromo.app */;
			productType = "com.apple.product-type.application";
		};
		ED685EF82B7506C3007D22B9 /* propromoTests */ = {
			isa = PBXNativeTarget;
			buildConfigurationList = ED685F102B7506C3007D22B9 /* Build configuration list for PBXNativeTarget "propromoTests" */;
			buildPhases = (
				ED685EF52B7506C3007D22B9 /* Sources */,
				ED685EF62B7506C3007D22B9 /* Frameworks */,
				ED685EF72B7506C3007D22B9 /* Resources */,
			);
			buildRules = (
			);
			dependencies = (
				ED685EFB2B7506C3007D22B9 /* PBXTargetDependency */,
			);
			name = propromoTests;
			productName = propromoTests;
			productReference = ED685EF92B7506C3007D22B9 /* propromoTests.xctest */;
			productType = "com.apple.product-type.bundle.unit-test";
		};
		ED685F022B7506C3007D22B9 /* propromoUITests */ = {
			isa = PBXNativeTarget;
			buildConfigurationList = ED685F132B7506C3007D22B9 /* Build configuration list for PBXNativeTarget "propromoUITests" */;
			buildPhases = (
				ED685EFF2B7506C3007D22B9 /* Sources */,
				ED685F002B7506C3007D22B9 /* Frameworks */,
				ED685F012B7506C3007D22B9 /* Resources */,
			);
			buildRules = (
			);
			dependencies = (
				ED685F052B7506C3007D22B9 /* PBXTargetDependency */,
			);
			name = propromoUITests;
			productName = propromoUITests;
			productReference = ED685F032B7506C3007D22B9 /* propromoUITests.xctest */;
			productType = "com.apple.product-type.bundle.ui-testing";
		};
/* End PBXNativeTarget section */

/* Begin PBXProject section */
		ED685EE12B7506C2007D22B9 /* Project object */ = {
			isa = PBXProject;
			attributes = {
				BuildIndependentTargetsInParallel = 1;
				LastSwiftUpdateCheck = 1520;
				LastUpgradeCheck = 1520;
				TargetAttributes = {
					ED685EE82B7506C2007D22B9 = {
						CreatedOnToolsVersion = 15.2;
					};
					ED685EF82B7506C3007D22B9 = {
						CreatedOnToolsVersion = 15.2;
						TestTargetID = ED685EE82B7506C2007D22B9;
					};
					ED685F022B7506C3007D22B9 = {
						CreatedOnToolsVersion = 15.2;
						TestTargetID = ED685EE82B7506C2007D22B9;
					};
				};
			};
			buildConfigurationList = ED685EE42B7506C2007D22B9 /* Build configuration list for PBXProject "propromo" */;
			compatibilityVersion = "Xcode 14.0";
			developmentRegion = en;
			hasScannedForEncodings = 0;
			knownRegions = (
				en,
				Base,
			);
			mainGroup = ED685EE02B7506C2007D22B9;
			productRefGroup = ED685EEA2B7506C2007D22B9 /* Products */;
			projectDirPath = "";
			projectRoot = "";
			targets = (
				ED685EE82B7506C2007D22B9 /* propromo */,
				ED685EF82B7506C3007D22B9 /* propromoTests */,
				ED685F022B7506C3007D22B9 /* propromoUITests */,
			);
		};
/* End PBXProject section */

/* Begin PBXResourcesBuildPhase section */
		ED685EE72B7506C2007D22B9 /* Resources */ = {
			isa = PBXResourcesBuildPhase;
			buildActionMask = 2147483647;
			files = (
				ED685EF42B7506C3007D22B9 /* Preview Assets.xcassets in Resources */,
				ED685EF12B7506C3007D22B9 /* Assets.xcassets in Resources */,
			);
			runOnlyForDeploymentPostprocessing = 0;
		};
		ED685EF72B7506C3007D22B9 /* Resources */ = {
			isa = PBXResourcesBuildPhase;
			buildActionMask = 2147483647;
			files = (
			);
			runOnlyForDeploymentPostprocessing = 0;
		};
		ED685F012B7506C3007D22B9 /* Resources */ = {
			isa = PBXResourcesBuildPhase;
			buildActionMask = 2147483647;
			files = (
			);
			runOnlyForDeploymentPostprocessing = 0;
		};
/* End PBXResourcesBuildPhase section */

/* Begin PBXSourcesBuildPhase section */
		ED685EE52B7506C2007D22B9 /* Sources */ = {
			isa = PBXSourcesBuildPhase;
			buildActionMask = 2147483647;
			files = (
				ED685EEF2B7506C2007D22B9 /* ContentView.swift in Sources */,
				ED685EED2B7506C2007D22B9 /* propromoApp.swift in Sources */,
			);
			runOnlyForDeploymentPostprocessing = 0;
		};
		ED685EF52B7506C3007D22B9 /* Sources */ = {
			isa = PBXSourcesBuildPhase;
			buildActionMask = 2147483647;
			files = (
				ED685EFE2B7506C3007D22B9 /* propromoTests.swift in Sources */,
			);
			runOnlyForDeploymentPostprocessing = 0;
		};
		ED685EFF2B7506C3007D22B9 /* Sources */ = {
			isa = PBXSourcesBuildPhase;
			buildActionMask = 2147483647;
			files = (
				ED685F0A2B7506C3007D22B9 /* propromoUITestsLaunchTests.swift in Sources */,
				ED685F082B7506C3007D22B9 /* propromoUITests.swift in Sources */,
			);
			runOnlyForDeploymentPostprocessing = 0;
		};
/* End PBXSourcesBuildPhase section */

/* Begin PBXTargetDependency section */
		ED685EFB2B7506C3007D22B9 /* PBXTargetDependency */ = {
			isa = PBXTargetDependency;
			target = ED685EE82B7506C2007D22B9 /* propromo */;
			targetProxy = ED685EFA2B7506C3007D22B9 /* PBXContainerItemProxy */;
		};
		ED685F052B7506C3007D22B9 /* PBXTargetDependency */ = {
			isa = PBXTargetDependency;
			target = ED685EE82B7506C2007D22B9 /* propromo */;
			targetProxy = ED685F042B7506C3007D22B9 /* PBXContainerItemProxy */;
		};
/* End PBXTargetDependency section */

/* Begin XCBuildConfiguration section */
		ED685F0B2B7506C3007D22B9 /* Debug */ = {
			isa = XCBuildConfiguration;
			buildSettings = {
				ALWAYS_SEARCH_USER_PATHS = NO;
				ASSETCATALOG_COMPILER_GENERATE_SWIFT_ASSET_SYMBOL_EXTENSIONS = YES;
				CLANG_ANALYZER_NONNULL = YES;
				CLANG_ANALYZER_NUMBER_OBJECT_CONVERSION = YES_AGGRESSIVE;
				CLANG_CXX_LANGUAGE_STANDARD = "gnu++20";
				CLANG_ENABLE_MODULES = YES;
				CLANG_ENABLE_OBJC_ARC = YES;
				CLANG_ENABLE_OBJC_WEAK = YES;
				CLANG_WARN_BLOCK_CAPTURE_AUTORELEASING = YES;
				CLANG_WARN_BOOL_CONVERSION = YES;
				CLANG_WARN_COMMA = YES;
				CLANG_WARN_CONSTANT_CONVERSION = YES;
				CLANG_WARN_DEPRECATED_OBJC_IMPLEMENTATIONS = YES;
				CLANG_WARN_DIRECT_OBJC_ISA_USAGE = YES_ERROR;
				CLANG_WARN_DOCUMENTATION_COMMENTS = YES;
				CLANG_WARN_EMPTY_BODY = YES;
				CLANG_WARN_ENUM_CONVERSION = YES;
				CLANG_WARN_INFINITE_RECURSION = YES;
				CLANG_WARN_INT_CONVERSION = YES;
				CLANG_WARN_NON_LITERAL_NULL_CONVERSION = YES;
				CLANG_WARN_OBJC_IMPLICIT_RETAIN_SELF = YES;
				CLANG_WARN_OBJC_LITERAL_CONVERSION = YES;
				CLANG_WARN_OBJC_ROOT_CLASS = YES_ERROR;
				CLANG_WARN_QUOTED_INCLUDE_IN_FRAMEWORK_HEADER = YES;
				CLANG_WARN_RANGE_LOOP_ANALYSIS = YES;
				CLANG_WARN_STRICT_PROTOTYPES = YES;
				CLANG_WARN_SUSPICIOUS_MOVE = YES;
				CLANG_WARN_UNGUARDED_AVAILABILITY = YES_AGGRESSIVE;
				CLANG_WARN_UNREACHABLE_CODE = YES;
				CLANG_WARN__DUPLICATE_METHOD_MATCH = YES;
				COPY_PHASE_STRIP = NO;
				DEBUG_INFORMATION_FORMAT = dwarf;
				ENABLE_STRICT_OBJC_MSGSEND = YES;
				ENABLE_TESTABILITY = YES;
				ENABLE_USER_SCRIPT_SANDBOXING = YES;
				GCC_C_LANGUAGE_STANDARD = gnu17;
				GCC_DYNAMIC_NO_PIC = NO;
				GCC_NO_COMMON_BLOCKS = YES;
				GCC_OPTIMIZATION_LEVEL = 0;
				GCC_PREPROCESSOR_DEFINITIONS = (
					"DEBUG=1",
					"$(inherited)",
				);
				GCC_WARN_64_TO_32_BIT_CONVERSION = YES;
				GCC_WARN_ABOUT_RETURN_TYPE = YES_ERROR;
				GCC_WARN_UNDECLARED_SELECTOR = YES;
				GCC_WARN_UNINITIALIZED_AUTOS = YES_AGGRESSIVE;
				GCC_WARN_UNUSED_FUNCTION = YES;
				GCC_WARN_UNUSED_VARIABLE = YES;
				IPHONEOS_DEPLOYMENT_TARGET = 17.2;
				LOCALIZATION_PREFERS_STRING_CATALOGS = YES;
				MTL_ENABLE_DEBUG_INFO = INCLUDE_SOURCE;
				MTL_FAST_MATH = YES;
				ONLY_ACTIVE_ARCH = YES;
				SDKROOT = iphoneos;
				SWIFT_ACTIVE_COMPILATION_CONDITIONS = "DEBUG $(inherited)";
				SWIFT_OPTIMIZATION_LEVEL = "-Onone";
			};
			name = Debug;
		};
		ED685F0C2B7506C3007D22B9 /* Release */ = {
			isa = XCBuildConfiguration;
			buildSettings = {
				ALWAYS_SEARCH_USER_PATHS = NO;
				ASSETCATALOG_COMPILER_GENERATE_SWIFT_ASSET_SYMBOL_EXTENSIONS = YES;
				CLANG_ANALYZER_NONNULL = YES;
				CLANG_ANALYZER_NUMBER_OBJECT_CONVERSION = YES_AGGRESSIVE;
				CLANG_CXX_LANGUAGE_STANDARD = "gnu++20";
				CLANG_ENABLE_MODULES = YES;
				CLANG_ENABLE_OBJC_ARC = YES;
				CLANG_ENABLE_OBJC_WEAK = YES;
				CLANG_WARN_BLOCK_CAPTURE_AUTORELEASING = YES;
				CLANG_WARN_BOOL_CONVERSION = YES;
				CLANG_WARN_COMMA = YES;
				CLANG_WARN_CONSTANT_CONVERSION = YES;
				CLANG_WARN_DEPRECATED_OBJC_IMPLEMENTATIONS = YES;
				CLANG_WARN_DIRECT_OBJC_ISA_USAGE = YES_ERROR;
				CLANG_WARN_DOCUMENTATION_COMMENTS = YES;
				CLANG_WARN_EMPTY_BODY = YES;
				CLANG_WARN_ENUM_CONVERSION = YES;
				CLANG_WARN_INFINITE_RECURSION = YES;
				CLANG_WARN_INT_CONVERSION = YES;
				CLANG_WARN_NON_LITERAL_NULL_CONVERSION = YES;
				CLANG_WARN_OBJC_IMPLICIT_RETAIN_SELF = YES;
				CLANG_WARN_OBJC_LITERAL_CONVERSION = YES;
				CLANG_WARN_OBJC_ROOT_CLASS = YES_ERROR;
				CLANG_WARN_QUOTED_INCLUDE_IN_FRAMEWORK_HEADER = YES;
				CLANG_WARN_RANGE_LOOP_ANALYSIS = YES;
				CLANG_WARN_STRICT_PROTOTYPES = YES;
				CLANG_WARN_SUSPICIOUS_MOVE = YES;
				CLANG_WARN_UNGUARDED_AVAILABILITY = YES_AGGRESSIVE;
				CLANG_WARN_UNREACHABLE_CODE = YES;
				CLANG_WARN__DUPLICATE_METHOD_MATCH = YES;
				COPY_PHASE_STRIP = NO;
				DEBUG_INFORMATION_FORMAT = "dwarf-with-dsym";
				ENABLE_NS_ASSERTIONS = NO;
				ENABLE_STRICT_OBJC_MSGSEND = YES;
				ENABLE_USER_SCRIPT_SANDBOXING = YES;
				GCC_C_LANGUAGE_STANDARD = gnu17;
				GCC_NO_COMMON_BLOCKS = YES;
				GCC_WARN_64_TO_32_BIT_CONVERSION = YES;
				GCC_WARN_ABOUT_RETURN_TYPE = YES_ERROR;
				GCC_WARN_UNDECLARED_SELECTOR = YES;
				GCC_WARN_UNINITIALIZED_AUTOS = YES_AGGRESSIVE;
				GCC_WARN_UNUSED_FUNCTION = YES;
				GCC_WARN_UNUSED_VARIABLE = YES;
				IPHONEOS_DEPLOYMENT_TARGET = 17.2;
				LOCALIZATION_PREFERS_STRING_CATALOGS = YES;
				MTL_ENABLE_DEBUG_INFO = NO;
				MTL_FAST_MATH = YES;
				SDKROOT = iphoneos;
				SWIFT_COMPILATION_MODE = wholemodule;
				VALIDATE_PRODUCT = YES;
			};
			name = Release;
		};
		ED685F0E2B7506C3007D22B9 /* Debug */ = {
			isa = XCBuildConfiguration;
			buildSettings = {
				ASSETCATALOG_COMPILER_APPICON_NAME = AppIcon;
				ASSETCATALOG_COMPILER_GLOBAL_ACCENT_COLOR_NAME = AccentColor;
				CODE_SIGN_STYLE = Automatic;
				CURRENT_PROJECT_VERSION = 1;
				DEVELOPMENT_ASSET_PATHS = "\"propromo/Preview Content\"";
				ENABLE_PREVIEWS = YES;
				GENERATE_INFOPLIST_FILE = YES;
				INFOPLIST_KEY_UIApplicationSceneManifest_Generation = YES;
				INFOPLIST_KEY_UIApplicationSupportsIndirectInputEvents = YES;
				INFOPLIST_KEY_UILaunchScreen_Generation = YES;
				INFOPLIST_KEY_UISupportedInterfaceOrientations_iPad = "UIInterfaceOrientationPortrait UIInterfaceOrientationPortraitUpsideDown UIInterfaceOrientationLandscapeLeft UIInterfaceOrientationLandscapeRight";
				INFOPLIST_KEY_UISupportedInterfaceOrientations_iPhone = "UIInterfaceOrientationPortrait UIInterfaceOrientationLandscapeLeft UIInterfaceOrientationLandscapeRight";
				LD_RUNPATH_SEARCH_PATHS = (
					"$(inherited)",
					"@executable_path/Frameworks",
				);
				MARKETING_VERSION = 1.0;
				PRODUCT_BUNDLE_IDENTIFIER = "at.propromo-software.propromo-ios.propromo";
				PRODUCT_NAME = "$(TARGET_NAME)";
				SWIFT_EMIT_LOC_STRINGS = YES;
				SWIFT_VERSION = 5.0;
				TARGETED_DEVICE_FAMILY = "1,2";
			};
			name = Debug;
		};
		ED685F0F2B7506C3007D22B9 /* Release */ = {
			isa = XCBuildConfiguration;
			buildSettings = {
				ASSETCATALOG_COMPILER_APPICON_NAME = AppIcon;
				ASSETCATALOG_COMPILER_GLOBAL_ACCENT_COLOR_NAME = AccentColor;
				CODE_SIGN_STYLE = Automatic;
				CURRENT_PROJECT_VERSION = 1;
				DEVELOPMENT_ASSET_PATHS = "\"propromo/Preview Content\"";
				ENABLE_PREVIEWS = YES;
				GENERATE_INFOPLIST_FILE = YES;
				INFOPLIST_KEY_UIApplicationSceneManifest_Generation = YES;
				INFOPLIST_KEY_UIApplicationSupportsIndirectInputEvents = YES;
				INFOPLIST_KEY_UILaunchScreen_Generation = YES;
				INFOPLIST_KEY_UISupportedInterfaceOrientations_iPad = "UIInterfaceOrientationPortrait UIInterfaceOrientationPortraitUpsideDown UIInterfaceOrientationLandscapeLeft UIInterfaceOrientationLandscapeRight";
				INFOPLIST_KEY_UISupportedInterfaceOrientations_iPhone = "UIInterfaceOrientationPortrait UIInterfaceOrientationLandscapeLeft UIInterfaceOrientationLandscapeRight";
				LD_RUNPATH_SEARCH_PATHS = (
					"$(inherited)",
					"@executable_path/Frameworks",
				);
				MARKETING_VERSION = 1.0;
				PRODUCT_BUNDLE_IDENTIFIER = "at.propromo-software.propromo-ios.propromo";
				PRODUCT_NAME = "$(TARGET_NAME)";
				SWIFT_EMIT_LOC_STRINGS = YES;
				SWIFT_VERSION = 5.0;
				TARGETED_DEVICE_FAMILY = "1,2";
			};
			name = Release;
		};
		ED685F112B7506C3007D22B9 /* Debug */ = {
			isa = XCBuildConfiguration;
			buildSettings = {
				ALWAYS_EMBED_SWIFT_STANDARD_LIBRARIES = YES;
				BUNDLE_LOADER = "$(TEST_HOST)";
				CODE_SIGN_STYLE = Automatic;
				CURRENT_PROJECT_VERSION = 1;
				GENERATE_INFOPLIST_FILE = YES;
				IPHONEOS_DEPLOYMENT_TARGET = 17.2;
				MARKETING_VERSION = 1.0;
				PRODUCT_BUNDLE_IDENTIFIER = "at.propromo-software.propromo-ios.propromoTests";
				PRODUCT_NAME = "$(TARGET_NAME)";
				SWIFT_EMIT_LOC_STRINGS = NO;
				SWIFT_VERSION = 5.0;
				TARGETED_DEVICE_FAMILY = "1,2";
				TEST_HOST = "$(BUILT_PRODUCTS_DIR)/propromo.app/$(BUNDLE_EXECUTABLE_FOLDER_PATH)/propromo";
			};
			name = Debug;
		};
		ED685F122B7506C3007D22B9 /* Release */ = {
			isa = XCBuildConfiguration;
			buildSettings = {
				ALWAYS_EMBED_SWIFT_STANDARD_LIBRARIES = YES;
				BUNDLE_LOADER = "$(TEST_HOST)";
				CODE_SIGN_STYLE = Automatic;
				CURRENT_PROJECT_VERSION = 1;
				GENERATE_INFOPLIST_FILE = YES;
				IPHONEOS_DEPLOYMENT_TARGET = 17.2;
				MARKETING_VERSION = 1.0;
				PRODUCT_BUNDLE_IDENTIFIER = "at.propromo-software.propromo-ios.propromoTests";
				PRODUCT_NAME = "$(TARGET_NAME)";
				SWIFT_EMIT_LOC_STRINGS = NO;
				SWIFT_VERSION = 5.0;
				TARGETED_DEVICE_FAMILY = "1,2";
				TEST_HOST = "$(BUILT_PRODUCTS_DIR)/propromo.app/$(BUNDLE_EXECUTABLE_FOLDER_PATH)/propromo";
			};
			name = Release;
		};
		ED685F142B7506C3007D22B9 /* Debug */ = {
			isa = XCBuildConfiguration;
			buildSettings = {
				ALWAYS_EMBED_SWIFT_STANDARD_LIBRARIES = YES;
				CODE_SIGN_STYLE = Automatic;
				CURRENT_PROJECT_VERSION = 1;
				GENERATE_INFOPLIST_FILE = YES;
				MARKETING_VERSION = 1.0;
				PRODUCT_BUNDLE_IDENTIFIER = "at.propromo-software.propromo-ios.propromoUITests";
				PRODUCT_NAME = "$(TARGET_NAME)";
				SWIFT_EMIT_LOC_STRINGS = NO;
				SWIFT_VERSION = 5.0;
				TARGETED_DEVICE_FAMILY = "1,2";
				TEST_TARGET_NAME = propromo;
			};
			name = Debug;
		};
		ED685F152B7506C3007D22B9 /* Release */ = {
			isa = XCBuildConfiguration;
			buildSettings = {
				ALWAYS_EMBED_SWIFT_STANDARD_LIBRARIES = YES;
				CODE_SIGN_STYLE = Automatic;
				CURRENT_PROJECT_VERSION = 1;
				GENERATE_INFOPLIST_FILE = YES;
				MARKETING_VERSION = 1.0;
				PRODUCT_BUNDLE_IDENTIFIER = "at.propromo-software.propromo-ios.propromoUITests";
				PRODUCT_NAME = "$(TARGET_NAME)";
				SWIFT_EMIT_LOC_STRINGS = NO;
				SWIFT_VERSION = 5.0;
				TARGETED_DEVICE_FAMILY = "1,2";
				TEST_TARGET_NAME = propromo;
			};
			name = Release;
		};
/* End XCBuildConfiguration section */

/* Begin XCConfigurationList section */
		ED685EE42B7506C2007D22B9 /* Build configuration list for PBXProject "propromo" */ = {
			isa = XCConfigurationList;
			buildConfigurations = (
				ED685F0B2B7506C3007D22B9 /* Debug */,
				ED685F0C2B7506C3007D22B9 /* Release */,
			);
			defaultConfigurationIsVisible = 0;
			defaultConfigurationName = Release;
		};
		ED685F0D2B7506C3007D22B9 /* Build configuration list for PBXNativeTarget "propromo" */ = {
			isa = XCConfigurationList;
			buildConfigurations = (
				ED685F0E2B7506C3007D22B9 /* Debug */,
				ED685F0F2B7506C3007D22B9 /* Release */,
			);
			defaultConfigurationIsVisible = 0;
			defaultConfigurationName = Release;
		};
		ED685F102B7506C3007D22B9 /* Build configuration list for PBXNativeTarget "propromoTests" */ = {
			isa = XCConfigurationList;
			buildConfigurations = (
				ED685F112B7506C3007D22B9 /* Debug */,
				ED685F122B7506C3007D22B9 /* Release */,
			);
			defaultConfigurationIsVisible = 0;
			defaultConfigurationName = Release;
		};
		ED685F132B7506C3007D22B9 /* Build configuration list for PBXNativeTarget "propromoUITests" */ = {
			isa = XCConfigurationList;
			buildConfigurations = (
				ED685F142B7506C3007D22B9 /* Debug */,
				ED685F152B7506C3007D22B9 /* Release */,
			);
			defaultConfigurationIsVisible = 0;
			defaultConfigurationName = Release;
		};
/* End XCConfigurationList section */
	};
	rootObject = ED685EE12B7506C2007D22B9 /* Project object */;
}
