// !$*UTF8*$!
{
	archiveVersion = 1;
	classes = {
	};
	objectVersion = 56;
	objects = {

/* Begin PBXBuildFile section */
		00F661DDCE7BF473C6FFE004 /* Milestone.swift in Sources */ = {isa = PBXBuildFile; fileRef = 035603BC2C0276454E600FA2 /* Milestone.swift */; };
		05E0F89D5CF7F1C04F214F9B /* MonitorsModel.swift in Sources */ = {isa = PBXBuildFile; fileRef = 7DB870D299DA863292AD19D8 /* MonitorsModel.swift */; };
		1117BE1E4984D04C3FA3AC45 /* RegisterService.swift in Sources */ = {isa = PBXBuildFile; fileRef = 5555A3421670504A28FDD5CE /* RegisterService.swift */; };
		1E894D84C2507BB37B2EF1D2 /* Model.swift in Sources */ = {isa = PBXBuildFile; fileRef = 1163C1B2303676894C7B61B4 /* Model.swift */; };
		2692979550F97BD0EB53BB12 /* Repository.swift in Sources */ = {isa = PBXBuildFile; fileRef = DCF5F192A06B63247B2A3034 /* Repository.swift */; };
		28C775A88BBFFB6B0D993DB2 /* MonitorsRequest.swift in Sources */ = {isa = PBXBuildFile; fileRef = F056FFA519640695A992D982 /* MonitorsRequest.swift */; };
		299C1BB9ED40DE29A7CA97EB /* LogInView.swift in Sources */ = {isa = PBXBuildFile; fileRef = A9403338696C25E986950E07 /* LogInView.swift */; };
		311E6A389777489118BFDC56 /* RegisterViewModel.swift in Sources */ = {isa = PBXBuildFile; fileRef = 3DA079F593DD9A3DA156D2BD /* RegisterViewModel.swift */; };
		411229B74FF5C8ABD8F9FCD3 /* HomeView.swift in Sources */ = {isa = PBXBuildFile; fileRef = 0BDE520E05FC7588D9CECD64 /* HomeView.swift */; };
		41AAB9DEEC69486A8DDECC42 /* LoginResponse.swift in Sources */ = {isa = PBXBuildFile; fileRef = BAE62E58F8D60AB5B44B4ED6 /* LoginResponse.swift */; };
		4377F269637D82B5E2608DA1 /* RegistrationView.swift in Sources */ = {isa = PBXBuildFile; fileRef = 37926AAE9EBEC36B5E219421 /* RegistrationView.swift */; };
		4392756DE2F4E41F9C85AF28 /* JoinMonitorViewModel.swift in Sources */ = {isa = PBXBuildFile; fileRef = 5CC19BF955DB0809688777FD /* JoinMonitorViewModel.swift */; };
		5CAFE377C58B12E8748C0207 /* ChooseProviderView.swift in Sources */ = {isa = PBXBuildFile; fileRef = FB75B0B379499D2A66BE7888 /* ChooseProviderView.swift */; };
		5DDBF05D14010E0933980FE7 /* RepositoryService.swift in Sources */ = {isa = PBXBuildFile; fileRef = 64A5DF294A4AF277A0784810 /* RepositoryService.swift */; };
		5F690CAC9106BEB827B670A2 /* propromoUITestsLaunchTests.swift in Sources */ = {isa = PBXBuildFile; fileRef = 2DDA15A30A5DD36BEADA81C6 /* propromoUITestsLaunchTests.swift */; };
		6DAF2905863927AE5E16C74F /* MonitorsViewModel.swift in Sources */ = {isa = PBXBuildFile; fileRef = B7B09888E74BF14B32597723 /* MonitorsViewModel.swift */; };
		71AA5E2930AFE21D162ED558 /* MonitorAuthenticationView.swift in Sources */ = {isa = PBXBuildFile; fileRef = FB713BE57642D6BEA9ED1028 /* MonitorAuthenticationView.swift */; };
		74C53AB6B86B5883C063AC0B /* MonitorDetailsView.swift in Sources */ = {isa = PBXBuildFile; fileRef = 7CB14CE8912FFACA0A3EB22C /* MonitorDetailsView.swift */; };
		763EA7C8670322F97DEB3AD3 /* ContentView.swift in Sources */ = {isa = PBXBuildFile; fileRef = EF7EA4C36017C60688AAA5BE /* ContentView.swift */; };
		77DC3F934ECDBC98DEC7D127 /* propromoUITests.swift in Sources */ = {isa = PBXBuildFile; fileRef = 57DBC9365AB144D4201EEEDE /* propromoUITests.swift */; };
		7FFC129419E6A807BBEDB67D /* JoinMonitorResponse.swift in Sources */ = {isa = PBXBuildFile; fileRef = E626DA43337374B50D097E9F /* JoinMonitorResponse.swift */; };
		8A0622DD38FF3A2C1D566DC6 /* CreateMonitorView.swift in Sources */ = {isa = PBXBuildFile; fileRef = 797F9066261395B999C431B7 /* CreateMonitorView.swift */; };
		8B5E38726F88DDF6E7B14B46 /* propromoTests.swift in Sources */ = {isa = PBXBuildFile; fileRef = 5926390BEF21C7EE6F567E36 /* propromoTests.swift */; };
		8E1A10E1964C668D9646F06D /* User.swift in Sources */ = {isa = PBXBuildFile; fileRef = CF056AE4E4C595F3268F048A /* User.swift */; };
		93ABC9D3FDEBAB2A4A446A35 /* MonitorsView.swift in Sources */ = {isa = PBXBuildFile; fileRef = A3E5014D3E4DA9BEAE9C23C1 /* MonitorsView.swift */; };
		93F2B2B05E54FBAF1D8554A5 /* RegisterResponse.swift in Sources */ = {isa = PBXBuildFile; fileRef = DD2C64888470ABA5AD8EBFBE /* RegisterResponse.swift */; };
		994F7960D75794FD5D793A84 /* Router.swift in Sources */ = {isa = PBXBuildFile; fileRef = 56EDA1896E8D23BB20A3F8A9 /* Router.swift */; };
		999A34DF0251866991AB41DD /* Views.swift in Sources */ = {isa = PBXBuildFile; fileRef = BFBC54EE1FFC3FF6AA52219A /* Views.swift */; };
		A5021F893F6506D17BFED561 /* propromoApp.swift in Sources */ = {isa = PBXBuildFile; fileRef = 60F64993633EE7F25715E846 /* propromoApp.swift */; };
		A76A696F6F4EDB51044F61D5 /* MonitorConfirmationView.swift in Sources */ = {isa = PBXBuildFile; fileRef = 50DDDBF72CC444B6E9473AB6 /* MonitorConfirmationView.swift */; };
		A95991E499F568E1767225A5 /* Preview Assets.xcassets in Resources */ = {isa = PBXBuildFile; fileRef = AA4F86B6CE64DB4E5A9FC971 /* Preview Assets.xcassets */; };
		AABFF2EC9DBDD2518C4D0550 /* LoginViewModel.swift in Sources */ = {isa = PBXBuildFile; fileRef = 80C6ECFDA0221D0B7A89847B /* LoginViewModel.swift */; };
		B6142CC657378B9B288C91B7 /* Monitor.swift in Sources */ = {isa = PBXBuildFile; fileRef = 6486189FA35DD9648B1078D4 /* Monitor.swift */; };
		C215D18CDE9778E3FC890996 /* Icons.swift in Sources */ = {isa = PBXBuildFile; fileRef = 9B1F573B1DBA80E2BCA5312E /* Icons.swift */; };
		C285634A067BA0211785F366 /* LoginRequest.swift in Sources */ = {isa = PBXBuildFile; fileRef = 62DBD68FB7CCF5164652C73D /* LoginRequest.swift */; };
		C3FC9390506430B1B80DB7B3 /* Components.swift in Sources */ = {isa = PBXBuildFile; fileRef = 120BA95D4808A25B4649AC31 /* Components.swift */; };
		C61CBCE837325F6A52CC715F /* Alamofire in Frameworks */ = {isa = PBXBuildFile; productRef = 824E835507BA1E78945677CB /* Alamofire */; };
		C65ACF181190475C444F5364 /* LoginService.swift in Sources */ = {isa = PBXBuildFile; fileRef = 87AEE83CF8D3151D608AEEED /* LoginService.swift */; };
		C65F1C873F394DD66FD06A23 /* JoinMonitorView.swift in Sources */ = {isa = PBXBuildFile; fileRef = FD77825C67F60D056C2D0EF1 /* JoinMonitorView.swift */; };
		C7A45594C8FB8BC972D18905 /* MonitorService.swift in Sources */ = {isa = PBXBuildFile; fileRef = 801119912090AB281F59B252 /* MonitorService.swift */; };
		E228C171B52F33DEAE22A4DB /* Assets.xcassets in Resources */ = {isa = PBXBuildFile; fileRef = 55952475861DA772C4F255BD /* Assets.xcassets */; };
		E966A9250A5115A4D1010928 /* JoinMonitorRequest.swift in Sources */ = {isa = PBXBuildFile; fileRef = 8B5CBBF429F48603D927A11C /* JoinMonitorRequest.swift */; };
		EC9102A0DFA148BD0AC10CE7 /* RepositoryResponse.swift in Sources */ = {isa = PBXBuildFile; fileRef = 763FE42BEDAD03F5084EF05B /* RepositoryResponse.swift */; };
		EDE237872BE2D20800732601 /* MonitorRowView.swift in Sources */ = {isa = PBXBuildFile; fileRef = EDE237862BE2D20800732601 /* MonitorRowView.swift */; };
		EDE237892BE2D21600732601 /* MonitorListView.swift in Sources */ = {isa = PBXBuildFile; fileRef = EDE237882BE2D21600732601 /* MonitorListView.swift */; };
		EDE2378D2BE2F1C400732601 /* RepositoryModel.swift in Sources */ = {isa = PBXBuildFile; fileRef = EDE2378C2BE2F1C400732601 /* RepositoryModel.swift */; };
		EDE2378F2BE2F3C500732601 /* RepositoryListView.swift in Sources */ = {isa = PBXBuildFile; fileRef = EDE2378E2BE2F3C500732601 /* RepositoryListView.swift */; };
		EDE237912BE2F3E100732601 /* RepositoryRowView.swift in Sources */ = {isa = PBXBuildFile; fileRef = EDE237902BE2F3E100732601 /* RepositoryRowView.swift */; };
		EDE237932BE2F3F900732601 /* RepositoryDetailsView.swift in Sources */ = {isa = PBXBuildFile; fileRef = EDE237922BE2F3F900732601 /* RepositoryDetailsView.swift */; };
		F340B55DF40B153A34DEF816 /* MonitorsResponse.swift in Sources */ = {isa = PBXBuildFile; fileRef = 6CEE38D818A2856F156C8EE1 /* MonitorsResponse.swift */; };
		F4CC89B61EBE53D8C4129D89 /* Response.swift in Sources */ = {isa = PBXBuildFile; fileRef = FDCD74EC2D1E2AFD4F5B8683 /* Response.swift */; };
		F593FCBFB976113A4D8854BB /* RegisterRequest.swift in Sources */ = {isa = PBXBuildFile; fileRef = 341684C235A658725B40D497 /* RegisterRequest.swift */; };
/* End PBXBuildFile section */

/* Begin PBXContainerItemProxy section */
		0EC4E5B903F83830A3FE9CAE /* PBXContainerItemProxy */ = {
			isa = PBXContainerItemProxy;
			containerPortal = 89E64F78C528DDAD7B808CE1 /* Project object */;
			proxyType = 1;
			remoteGlobalIDString = 64B882EBD03215E0B1618472;
			remoteInfo = Propromo;
		};
		134E9406BE98A01F0959199E /* PBXContainerItemProxy */ = {
			isa = PBXContainerItemProxy;
			containerPortal = 89E64F78C528DDAD7B808CE1 /* Project object */;
			proxyType = 1;
			remoteGlobalIDString = 64B882EBD03215E0B1618472;
			remoteInfo = Propromo;
		};
/* End PBXContainerItemProxy section */

/* Begin PBXFileReference section */
		035603BC2C0276454E600FA2 /* Milestone.swift */ = {isa = PBXFileReference; lastKnownFileType = sourcecode.swift; path = Milestone.swift; sourceTree = "<group>"; };
		0BDE520E05FC7588D9CECD64 /* HomeView.swift */ = {isa = PBXFileReference; lastKnownFileType = sourcecode.swift; path = HomeView.swift; sourceTree = "<group>"; };
		1163C1B2303676894C7B61B4 /* Model.swift */ = {isa = PBXFileReference; lastKnownFileType = sourcecode.swift; path = Model.swift; sourceTree = "<group>"; };
		120BA95D4808A25B4649AC31 /* Components.swift */ = {isa = PBXFileReference; lastKnownFileType = sourcecode.swift; path = Components.swift; sourceTree = "<group>"; };
		151BA967A26144E4413CADED /* keep */ = {isa = PBXFileReference; lastKnownFileType = text; path = keep; sourceTree = "<group>"; };
		1D568B112FC4AF02C7ED7592 /* keep */ = {isa = PBXFileReference; lastKnownFileType = text; path = keep; sourceTree = "<group>"; };
		1DCE6CA30B5AD32AA1BB5EC0 /* keep */ = {isa = PBXFileReference; lastKnownFileType = text; path = keep; sourceTree = "<group>"; };
		217D08E0DCC9906FEE9F4132 /* keep */ = {isa = PBXFileReference; lastKnownFileType = text; path = keep; sourceTree = "<group>"; };
		2DDA15A30A5DD36BEADA81C6 /* propromoUITestsLaunchTests.swift */ = {isa = PBXFileReference; lastKnownFileType = sourcecode.swift; path = propromoUITestsLaunchTests.swift; sourceTree = "<group>"; };
		32EA28B1753CFC7C6A397746 /* keep */ = {isa = PBXFileReference; lastKnownFileType = text; path = keep; sourceTree = "<group>"; };
		341684C235A658725B40D497 /* RegisterRequest.swift */ = {isa = PBXFileReference; lastKnownFileType = sourcecode.swift; path = RegisterRequest.swift; sourceTree = "<group>"; };
		344CF0CBCBE628AB44C9F35D /* keep */ = {isa = PBXFileReference; lastKnownFileType = text; path = keep; sourceTree = "<group>"; };
		37926AAE9EBEC36B5E219421 /* RegistrationView.swift */ = {isa = PBXFileReference; lastKnownFileType = sourcecode.swift; path = RegistrationView.swift; sourceTree = "<group>"; };
		3DA079F593DD9A3DA156D2BD /* RegisterViewModel.swift */ = {isa = PBXFileReference; lastKnownFileType = sourcecode.swift; path = RegisterViewModel.swift; sourceTree = "<group>"; };
		4C0A089EF51AEB4650FF1426 /* UiTests.xctest */ = {isa = PBXFileReference; includeInIndex = 0; lastKnownFileType = wrapper.cfbundle; path = UiTests.xctest; sourceTree = BUILT_PRODUCTS_DIR; };
		4F933B3079B4DDF081697B81 /* keep */ = {isa = PBXFileReference; lastKnownFileType = text; path = keep; sourceTree = "<group>"; };
		50DDDBF72CC444B6E9473AB6 /* MonitorConfirmationView.swift */ = {isa = PBXFileReference; lastKnownFileType = sourcecode.swift; path = MonitorConfirmationView.swift; sourceTree = "<group>"; };
		5555A3421670504A28FDD5CE /* RegisterService.swift */ = {isa = PBXFileReference; lastKnownFileType = sourcecode.swift; path = RegisterService.swift; sourceTree = "<group>"; };
		55952475861DA772C4F255BD /* Assets.xcassets */ = {isa = PBXFileReference; lastKnownFileType = folder.assetcatalog; path = Assets.xcassets; sourceTree = "<group>"; };
		56EDA1896E8D23BB20A3F8A9 /* Router.swift */ = {isa = PBXFileReference; lastKnownFileType = sourcecode.swift; path = Router.swift; sourceTree = "<group>"; };
		57DBC9365AB144D4201EEEDE /* propromoUITests.swift */ = {isa = PBXFileReference; lastKnownFileType = sourcecode.swift; path = propromoUITests.swift; sourceTree = "<group>"; };
		5926390BEF21C7EE6F567E36 /* propromoTests.swift */ = {isa = PBXFileReference; lastKnownFileType = sourcecode.swift; path = propromoTests.swift; sourceTree = "<group>"; };
		5CC19BF955DB0809688777FD /* JoinMonitorViewModel.swift */ = {isa = PBXFileReference; lastKnownFileType = sourcecode.swift; path = JoinMonitorViewModel.swift; sourceTree = "<group>"; };
		60F64993633EE7F25715E846 /* propromoApp.swift */ = {isa = PBXFileReference; lastKnownFileType = sourcecode.swift; path = propromoApp.swift; sourceTree = "<group>"; };
		62DBD68FB7CCF5164652C73D /* LoginRequest.swift */ = {isa = PBXFileReference; lastKnownFileType = sourcecode.swift; path = LoginRequest.swift; sourceTree = "<group>"; };
		6486189FA35DD9648B1078D4 /* Monitor.swift */ = {isa = PBXFileReference; lastKnownFileType = sourcecode.swift; path = Monitor.swift; sourceTree = "<group>"; };
		64A5DF294A4AF277A0784810 /* RepositoryService.swift */ = {isa = PBXFileReference; lastKnownFileType = sourcecode.swift; path = RepositoryService.swift; sourceTree = "<group>"; };
		665048EE32F9BD94E889FDB5 /* keep */ = {isa = PBXFileReference; lastKnownFileType = text; path = keep; sourceTree = "<group>"; };
		6CEE38D818A2856F156C8EE1 /* MonitorsResponse.swift */ = {isa = PBXFileReference; lastKnownFileType = sourcecode.swift; path = MonitorsResponse.swift; sourceTree = "<group>"; };
		763FE42BEDAD03F5084EF05B /* RepositoryResponse.swift */ = {isa = PBXFileReference; lastKnownFileType = sourcecode.swift; path = RepositoryResponse.swift; sourceTree = "<group>"; };
		797F9066261395B999C431B7 /* CreateMonitorView.swift */ = {isa = PBXFileReference; lastKnownFileType = sourcecode.swift; path = CreateMonitorView.swift; sourceTree = "<group>"; };
		7CB14CE8912FFACA0A3EB22C /* MonitorDetailsView.swift */ = {isa = PBXFileReference; lastKnownFileType = sourcecode.swift; path = MonitorDetailsView.swift; sourceTree = "<group>"; };
		7DB870D299DA863292AD19D8 /* MonitorsModel.swift */ = {isa = PBXFileReference; lastKnownFileType = sourcecode.swift; path = MonitorsModel.swift; sourceTree = "<group>"; };
		801119912090AB281F59B252 /* MonitorService.swift */ = {isa = PBXFileReference; lastKnownFileType = sourcecode.swift; path = MonitorService.swift; sourceTree = "<group>"; };
		80C6ECFDA0221D0B7A89847B /* LoginViewModel.swift */ = {isa = PBXFileReference; lastKnownFileType = sourcecode.swift; path = LoginViewModel.swift; sourceTree = "<group>"; };
		87AEE83CF8D3151D608AEEED /* LoginService.swift */ = {isa = PBXFileReference; lastKnownFileType = sourcecode.swift; path = LoginService.swift; sourceTree = "<group>"; };
		8B5CBBF429F48603D927A11C /* JoinMonitorRequest.swift */ = {isa = PBXFileReference; lastKnownFileType = sourcecode.swift; path = JoinMonitorRequest.swift; sourceTree = "<group>"; };
		9B1F573B1DBA80E2BCA5312E /* Icons.swift */ = {isa = PBXFileReference; lastKnownFileType = sourcecode.swift; path = Icons.swift; sourceTree = "<group>"; };
		A2554D185044782885B5D878 /* Propromo.app */ = {isa = PBXFileReference; includeInIndex = 0; lastKnownFileType = wrapper.application; path = Propromo.app; sourceTree = BUILT_PRODUCTS_DIR; };
		A3E5014D3E4DA9BEAE9C23C1 /* MonitorsView.swift */ = {isa = PBXFileReference; lastKnownFileType = sourcecode.swift; path = MonitorsView.swift; sourceTree = "<group>"; };
		A9403338696C25E986950E07 /* LogInView.swift */ = {isa = PBXFileReference; lastKnownFileType = sourcecode.swift; path = LogInView.swift; sourceTree = "<group>"; };
		AA4F86B6CE64DB4E5A9FC971 /* Preview Assets.xcassets */ = {isa = PBXFileReference; lastKnownFileType = folder.assetcatalog; path = "Preview Assets.xcassets"; sourceTree = "<group>"; };
		AFC9BBDC47AAD45C7166D846 /* keep */ = {isa = PBXFileReference; lastKnownFileType = text; path = keep; sourceTree = "<group>"; };
		B7B09888E74BF14B32597723 /* MonitorsViewModel.swift */ = {isa = PBXFileReference; lastKnownFileType = sourcecode.swift; path = MonitorsViewModel.swift; sourceTree = "<group>"; };
		B9F89DF7DD65106B93ABB4B7 /* keep */ = {isa = PBXFileReference; lastKnownFileType = text; path = keep; sourceTree = "<group>"; };
		BAE62E58F8D60AB5B44B4ED6 /* LoginResponse.swift */ = {isa = PBXFileReference; lastKnownFileType = sourcecode.swift; path = LoginResponse.swift; sourceTree = "<group>"; };
		BBC2A3A98EAD7B0FA0345DC0 /* .keep */ = {isa = PBXFileReference; lastKnownFileType = text; path = .keep; sourceTree = "<group>"; };
		BBCCBB16057132004C3AFF81 /* keep */ = {isa = PBXFileReference; lastKnownFileType = text; path = keep; sourceTree = "<group>"; };
		BFBC54EE1FFC3FF6AA52219A /* Views.swift */ = {isa = PBXFileReference; lastKnownFileType = sourcecode.swift; path = Views.swift; sourceTree = "<group>"; };
		C4253AA0EF05526266CE440F /* UnitTests.xctest */ = {isa = PBXFileReference; includeInIndex = 0; lastKnownFileType = wrapper.cfbundle; path = UnitTests.xctest; sourceTree = BUILT_PRODUCTS_DIR; };
		C42EB2DE9106A289579A4F26 /* keep */ = {isa = PBXFileReference; lastKnownFileType = text; path = keep; sourceTree = "<group>"; };
		CA019CE7E9050B99C3F6FC17 /* keep */ = {isa = PBXFileReference; lastKnownFileType = text; path = keep; sourceTree = "<group>"; };
		CAAD46691CC3FE7C5BD517C4 /* keep */ = {isa = PBXFileReference; lastKnownFileType = text; path = keep; sourceTree = "<group>"; };
		CF056AE4E4C595F3268F048A /* User.swift */ = {isa = PBXFileReference; lastKnownFileType = sourcecode.swift; path = User.swift; sourceTree = "<group>"; };
		CF8089C435FD8692B02AE867 /* keep */ = {isa = PBXFileReference; lastKnownFileType = text; path = keep; sourceTree = "<group>"; };
		D9BA6AB4E276355BCCEE22B2 /* keep */ = {isa = PBXFileReference; lastKnownFileType = text; path = keep; sourceTree = "<group>"; };
		DCF5F192A06B63247B2A3034 /* Repository.swift */ = {isa = PBXFileReference; lastKnownFileType = sourcecode.swift; path = Repository.swift; sourceTree = "<group>"; };
		DD2C64888470ABA5AD8EBFBE /* RegisterResponse.swift */ = {isa = PBXFileReference; lastKnownFileType = sourcecode.swift; path = RegisterResponse.swift; sourceTree = "<group>"; };
		E201262D9E544FB388F05DC7 /* keep */ = {isa = PBXFileReference; lastKnownFileType = text; path = keep; sourceTree = "<group>"; };
		E626DA43337374B50D097E9F /* JoinMonitorResponse.swift */ = {isa = PBXFileReference; lastKnownFileType = sourcecode.swift; path = JoinMonitorResponse.swift; sourceTree = "<group>"; };
		EDE237862BE2D20800732601 /* MonitorRowView.swift */ = {isa = PBXFileReference; lastKnownFileType = sourcecode.swift; path = MonitorRowView.swift; sourceTree = "<group>"; };
		EDE237882BE2D21600732601 /* MonitorListView.swift */ = {isa = PBXFileReference; lastKnownFileType = sourcecode.swift; path = MonitorListView.swift; sourceTree = "<group>"; };
		EDE2378C2BE2F1C400732601 /* RepositoryModel.swift */ = {isa = PBXFileReference; lastKnownFileType = sourcecode.swift; path = RepositoryModel.swift; sourceTree = "<group>"; };
		EDE2378E2BE2F3C500732601 /* RepositoryListView.swift */ = {isa = PBXFileReference; lastKnownFileType = sourcecode.swift; path = RepositoryListView.swift; sourceTree = "<group>"; };
		EDE237902BE2F3E100732601 /* RepositoryRowView.swift */ = {isa = PBXFileReference; lastKnownFileType = sourcecode.swift; path = RepositoryRowView.swift; sourceTree = "<group>"; };
		EDE237922BE2F3F900732601 /* RepositoryDetailsView.swift */ = {isa = PBXFileReference; lastKnownFileType = sourcecode.swift; path = RepositoryDetailsView.swift; sourceTree = "<group>"; };
		EF7EA4C36017C60688AAA5BE /* ContentView.swift */ = {isa = PBXFileReference; lastKnownFileType = sourcecode.swift; path = ContentView.swift; sourceTree = "<group>"; };
		F056FFA519640695A992D982 /* MonitorsRequest.swift */ = {isa = PBXFileReference; lastKnownFileType = sourcecode.swift; path = MonitorsRequest.swift; sourceTree = "<group>"; };
		FB713BE57642D6BEA9ED1028 /* MonitorAuthenticationView.swift */ = {isa = PBXFileReference; lastKnownFileType = sourcecode.swift; path = MonitorAuthenticationView.swift; sourceTree = "<group>"; };
		FB75B0B379499D2A66BE7888 /* ChooseProviderView.swift */ = {isa = PBXFileReference; lastKnownFileType = sourcecode.swift; path = ChooseProviderView.swift; sourceTree = "<group>"; };
		FD77825C67F60D056C2D0EF1 /* JoinMonitorView.swift */ = {isa = PBXFileReference; lastKnownFileType = sourcecode.swift; path = JoinMonitorView.swift; sourceTree = "<group>"; };
		FDABA56B7FB73C004A47D1C2 /* keep */ = {isa = PBXFileReference; lastKnownFileType = text; path = keep; sourceTree = "<group>"; };
		FDCD74EC2D1E2AFD4F5B8683 /* Response.swift */ = {isa = PBXFileReference; lastKnownFileType = sourcecode.swift; path = Response.swift; sourceTree = "<group>"; };
/* End PBXFileReference section */

/* Begin PBXFrameworksBuildPhase section */
		CA41EDCE8021C2C29BAC444D /* Frameworks */ = {
			isa = PBXFrameworksBuildPhase;
			buildActionMask = 2147483647;
			files = (
				C61CBCE837325F6A52CC715F /* Alamofire in Frameworks */,
			);
			runOnlyForDeploymentPostprocessing = 0;
		};
/* End PBXFrameworksBuildPhase section */

/* Begin PBXGroup section */
		08C05110E51F276A2BB99FDB /* Model */ = {
			isa = PBXGroup;
			children = (
				7DB870D299DA863292AD19D8 /* MonitorsModel.swift */,
				F056FFA519640695A992D982 /* MonitorsRequest.swift */,
				6CEE38D818A2856F156C8EE1 /* MonitorsResponse.swift */,
			);
			path = Model;
			sourceTree = "<group>";
		};
		0C9C66EEEA59543D4C666B27 /* Model */ = {
			isa = PBXGroup;
			children = (
				1D568B112FC4AF02C7ED7592 /* keep */,
			);
			path = Model;
			sourceTree = "<group>";
		};
		0D28255704D63C00EE9E1FEB /* ViewModel */ = {
			isa = PBXGroup;
			children = (
				B7B09888E74BF14B32597723 /* MonitorsViewModel.swift */,
			);
			path = ViewModel;
			sourceTree = "<group>";
		};
		14AFC708AB4941833EACC35B /* Services */ = {
			isa = PBXGroup;
			children = (
				B9F89DF7DD65106B93ABB4B7 /* keep */,
				87AEE83CF8D3151D608AEEED /* LoginService.swift */,
				801119912090AB281F59B252 /* MonitorService.swift */,
				5555A3421670504A28FDD5CE /* RegisterService.swift */,
				64A5DF294A4AF277A0784810 /* RepositoryService.swift */,
				FDCD74EC2D1E2AFD4F5B8683 /* Response.swift */,
			);
			name = Services;
			path = core/Services;
			sourceTree = "<group>";
		};
		176C0DC2D37885BE9387A9EA /* Views */ = {
			isa = PBXGroup;
			children = (
				50DDDBF72CC444B6E9473AB6 /* MonitorConfirmationView.swift */,
			);
			path = Views;
			sourceTree = "<group>";
		};
		183DF0BAB75D83672586687F /* Views */ = {
			isa = PBXGroup;
			children = (
				FB713BE57642D6BEA9ED1028 /* MonitorAuthenticationView.swift */,
			);
			path = Views;
			sourceTree = "<group>";
		};
		1D18B036AF3199C3F6FC88FB /* ViewModels */ = {
			isa = PBXGroup;
			children = (
				FDABA56B7FB73C004A47D1C2 /* keep */,
			);
			path = ViewModels;
			sourceTree = "<group>";
		};
		2E49CDE7AEC13A6D1B850E16 /* Model */ = {
			isa = PBXGroup;
			children = (
				217D08E0DCC9906FEE9F4132 /* keep */,
			);
			path = Model;
			sourceTree = "<group>";
		};
		32EA3E835249F999B91E18BE = {
			isa = PBXGroup;
			children = (
				F3386E4714F4C2D0EE8FE567 /* propromo */,
				EDBC7B28C9DC02A58DB6E33B /* Products */,
			);
			sourceTree = "<group>";
		};
		35CF221BDA99CE41B31E1531 /* Preview Content */ = {
			isa = PBXGroup;
			children = (
				AA4F86B6CE64DB4E5A9FC971 /* Preview Assets.xcassets */,
			);
			path = "Preview Content";
			sourceTree = "<group>";
		};
		40DA8BCF29D3C0E3208942AA /* Views */ = {
			isa = PBXGroup;
			children = (
				7CB14CE8912FFACA0A3EB22C /* MonitorDetailsView.swift */,
				A3E5014D3E4DA9BEAE9C23C1 /* MonitorsView.swift */,
				EDE237862BE2D20800732601 /* MonitorRowView.swift */,
				EDE237882BE2D21600732601 /* MonitorListView.swift */,
			);
			path = Views;
			sourceTree = "<group>";
		};
		52AE271B647231F02E35E06F /* Model */ = {
			isa = PBXGroup;
			children = (
				344CF0CBCBE628AB44C9F35D /* keep */,
			);
			path = Model;
			sourceTree = "<group>";
		};
		5EC3CE5478E0F76481D43E65 /* Model */ = {
			isa = PBXGroup;
			children = (
				8B5CBBF429F48603D927A11C /* JoinMonitorRequest.swift */,
				E626DA43337374B50D097E9F /* JoinMonitorResponse.swift */,
				BBCCBB16057132004C3AFF81 /* keep */,
			);
			path = Model;
			sourceTree = "<group>";
		};
		70D8EA0A6DF951CD3812D0BC /* Resources */ = {
			isa = PBXGroup;
			children = (
				151BA967A26144E4413CADED /* keep */,
			);
			name = Resources;
			path = core/Resources;
			sourceTree = "<group>";
		};
		730488A1E73DF2CAD205B2E7 /* Register */ = {
			isa = PBXGroup;
			children = (
				B78B62DF0B999928CF7688FF /* Model */,
				D31B0E7BF22D845557D18D71 /* ViewModels */,
				BEAA634644074FC3473DC4C9 /* Views */,
			);
			path = Register;
			sourceTree = "<group>";
		};
		75267B9079925A5B312B9FFD /* Monitors */ = {
			isa = PBXGroup;
			children = (
				08C05110E51F276A2BB99FDB /* Model */,
				0D28255704D63C00EE9E1FEB /* ViewModel */,
				40DA8BCF29D3C0E3208942AA /* Views */,
			);
			path = Monitors;
			sourceTree = "<group>";
		};
		87B89FE3BE941B52577153D7 /* ViewModels */ = {
			isa = PBXGroup;
			children = (
				4F933B3079B4DDF081697B81 /* keep */,
			);
			path = ViewModels;
			sourceTree = "<group>";
		};
		88E59156B9FC1C36B294D7C3 /* unit */ = {
			isa = PBXGroup;
			children = (
				5926390BEF21C7EE6F567E36 /* propromoTests.swift */,
			);
			name = unit;
			path = core/tests/unit;
			sourceTree = "<group>";
		};
		8B6BCEA9E5F10891FC94C128 /* Respositories */ = {
			isa = PBXGroup;
			children = (
				BFBC54EE1FFC3FF6AA52219A /* Views.swift */,
				A9AEA9ED6028F589A8E7E22C /* Model */,
				E7000370D48850A2809F607C /* Views */,
			);
			path = Respositories;
			sourceTree = "<group>";
		};
		8CDEDFBF4F19DC6333558F5D /* Features */ = {
			isa = PBXGroup;
			children = (
				55952475861DA772C4F255BD /* Assets.xcassets */,
				120BA95D4808A25B4649AC31 /* Components.swift */,
				EF7EA4C36017C60688AAA5BE /* ContentView.swift */,
				9B1F573B1DBA80E2BCA5312E /* Icons.swift */,
				60F64993633EE7F25715E846 /* propromoApp.swift */,
				BCA393A97864DD87095DAF2A /* ChooseProvider */,
				AFCA60501F59F1EEA5A717AC /* CreateMonitor */,
				EB62F3948F0EE0508D0C3AC0 /* Home */,
				9C6450E3C0F04BB1983931B6 /* JoinMonitor */,
				C3B8475C883705A5D1F739AD /* LogIn */,
				9977AB674B0F8F02C8A83B18 /* MonitorAuthentication */,
				CDF980B9E9BF424DD2FD84DD /* MonitorConfirmation */,
				75267B9079925A5B312B9FFD /* Monitors */,
				35CF221BDA99CE41B31E1531 /* Preview Content */,
				730488A1E73DF2CAD205B2E7 /* Register */,
				8B6BCEA9E5F10891FC94C128 /* Respositories */,
			);
			name = Features;
			path = core/Features;
			sourceTree = "<group>";
		};
		9977AB674B0F8F02C8A83B18 /* MonitorAuthentication */ = {
			isa = PBXGroup;
			children = (
				B6C7D42E9B5DB83D126DCABB /* Model */,
				9A5D1C89B602ADCB384F6DBA /* ViewModels */,
				183DF0BAB75D83672586687F /* Views */,
			);
			path = MonitorAuthentication;
			sourceTree = "<group>";
		};
		99E72A125A25E4E1E43FE375 /* ViewModels */ = {
			isa = PBXGroup;
			children = (
				5CC19BF955DB0809688777FD /* JoinMonitorViewModel.swift */,
				E201262D9E544FB388F05DC7 /* keep */,
			);
			path = ViewModels;
			sourceTree = "<group>";
		};
		9A5D1C89B602ADCB384F6DBA /* ViewModels */ = {
			isa = PBXGroup;
			children = (
				C42EB2DE9106A289579A4F26 /* keep */,
			);
			path = ViewModels;
			sourceTree = "<group>";
		};
		9AEF49F2B7D98B5C138CC5AF /* Views */ = {
			isa = PBXGroup;
			children = (
				797F9066261395B999C431B7 /* CreateMonitorView.swift */,
			);
			path = Views;
			sourceTree = "<group>";
		};
		9C6450E3C0F04BB1983931B6 /* JoinMonitor */ = {
			isa = PBXGroup;
			children = (
				5EC3CE5478E0F76481D43E65 /* Model */,
				99E72A125A25E4E1E43FE375 /* ViewModels */,
				9DAE45F40ADA9F30B374FDE4 /* Views */,
			);
			path = JoinMonitor;
			sourceTree = "<group>";
		};
		9DAE45F40ADA9F30B374FDE4 /* Views */ = {
			isa = PBXGroup;
			children = (
				FD77825C67F60D056C2D0EF1 /* JoinMonitorView.swift */,
			);
			path = Views;
			sourceTree = "<group>";
		};
		9FE8F5CD14F5325468689F77 /* ViewModels */ = {
			isa = PBXGroup;
			children = (
				AFC9BBDC47AAD45C7166D846 /* keep */,
			);
			path = ViewModels;
			sourceTree = "<group>";
		};
		A408B60DC0BBDECA9E258CC4 /* Model */ = {
			isa = PBXGroup;
			children = (
				1DCE6CA30B5AD32AA1BB5EC0 /* keep */,
				62DBD68FB7CCF5164652C73D /* LoginRequest.swift */,
				BAE62E58F8D60AB5B44B4ED6 /* LoginResponse.swift */,
			);
			path = Model;
			sourceTree = "<group>";
		};
		A9AEA9ED6028F589A8E7E22C /* Model */ = {
			isa = PBXGroup;
			children = (
				763FE42BEDAD03F5084EF05B /* RepositoryResponse.swift */,
				EDE2378C2BE2F1C400732601 /* RepositoryModel.swift */,
			);
			path = Model;
			sourceTree = "<group>";
		};
		AFCA60501F59F1EEA5A717AC /* CreateMonitor */ = {
			isa = PBXGroup;
			children = (
				2E49CDE7AEC13A6D1B850E16 /* Model */,
				BFFC90210902EA90696922B4 /* ViewModels */,
				9AEF49F2B7D98B5C138CC5AF /* Views */,
			);
			path = CreateMonitor;
			sourceTree = "<group>";
		};
		AFCEB0AE31ACEA1B26D3A57C /* Views */ = {
			isa = PBXGroup;
			children = (
				A9403338696C25E986950E07 /* LogInView.swift */,
			);
			path = Views;
			sourceTree = "<group>";
		};
		B6C7D42E9B5DB83D126DCABB /* Model */ = {
			isa = PBXGroup;
			children = (
				CF8089C435FD8692B02AE867 /* keep */,
			);
			path = Model;
			sourceTree = "<group>";
		};
		B78B62DF0B999928CF7688FF /* Model */ = {
			isa = PBXGroup;
			children = (
				CA019CE7E9050B99C3F6FC17 /* keep */,
				1163C1B2303676894C7B61B4 /* Model.swift */,
				341684C235A658725B40D497 /* RegisterRequest.swift */,
				DD2C64888470ABA5AD8EBFBE /* RegisterResponse.swift */,
			);
			path = Model;
			sourceTree = "<group>";
		};
		BCA393A97864DD87095DAF2A /* ChooseProvider */ = {
			isa = PBXGroup;
			children = (
				52AE271B647231F02E35E06F /* Model */,
				87B89FE3BE941B52577153D7 /* ViewModels */,
				E310187213B7E2ABA2843DCB /* Views */,
			);
			path = ChooseProvider;
			sourceTree = "<group>";
		};
		BEAA634644074FC3473DC4C9 /* Views */ = {
			isa = PBXGroup;
			children = (
				37926AAE9EBEC36B5E219421 /* RegistrationView.swift */,
			);
			path = Views;
			sourceTree = "<group>";
		};
		BFFC90210902EA90696922B4 /* ViewModels */ = {
			isa = PBXGroup;
			children = (
				665048EE32F9BD94E889FDB5 /* keep */,
			);
			path = ViewModels;
			sourceTree = "<group>";
		};
		C3B8475C883705A5D1F739AD /* LogIn */ = {
			isa = PBXGroup;
			children = (
				A408B60DC0BBDECA9E258CC4 /* Model */,
				EE8BA00B77EEAB8AD8AF11A6 /* ViewModels */,
				AFCEB0AE31ACEA1B26D3A57C /* Views */,
			);
			path = LogIn;
			sourceTree = "<group>";
		};
		CDF980B9E9BF424DD2FD84DD /* MonitorConfirmation */ = {
			isa = PBXGroup;
			children = (
				0C9C66EEEA59543D4C666B27 /* Model */,
				9FE8F5CD14F5325468689F77 /* ViewModels */,
				176C0DC2D37885BE9387A9EA /* Views */,
			);
			path = MonitorConfirmation;
			sourceTree = "<group>";
		};
		D31B0E7BF22D845557D18D71 /* ViewModels */ = {
			isa = PBXGroup;
			children = (
				CAAD46691CC3FE7C5BD517C4 /* keep */,
				3DA079F593DD9A3DA156D2BD /* RegisterViewModel.swift */,
			);
			path = ViewModels;
			sourceTree = "<group>";
		};
		E310187213B7E2ABA2843DCB /* Views */ = {
			isa = PBXGroup;
			children = (
				FB75B0B379499D2A66BE7888 /* ChooseProviderView.swift */,
			);
			path = Views;
			sourceTree = "<group>";
		};
		E7000370D48850A2809F607C /* Views */ = {
			isa = PBXGroup;
			children = (
				EDE2378E2BE2F3C500732601 /* RepositoryListView.swift */,
				EDE237902BE2F3E100732601 /* RepositoryRowView.swift */,
				EDE237922BE2F3F900732601 /* RepositoryDetailsView.swift */,
			);
			path = Views;
			sourceTree = "<group>";
		};
		EB62F3948F0EE0508D0C3AC0 /* Home */ = {
			isa = PBXGroup;
			children = (
				F66D47082D090E386C9CBC28 /* Model */,
				1D18B036AF3199C3F6FC88FB /* ViewModels */,
				FF9248F50EDBD1DE7D7CC8D1 /* Views */,
			);
			path = Home;
			sourceTree = "<group>";
		};
		EDBC7B28C9DC02A58DB6E33B /* Products */ = {
			isa = PBXGroup;
			children = (
				A2554D185044782885B5D878 /* Propromo.app */,
				4C0A089EF51AEB4650FF1426 /* UiTests.xctest */,
				C4253AA0EF05526266CE440F /* UnitTests.xctest */,
			);
			name = Products;
			sourceTree = "<group>";
		};
		EDE2378A2BE2DEDA00732601 /* Model */ = {
			isa = PBXGroup;
			children = (
				035603BC2C0276454E600FA2 /* Milestone.swift */,
				6486189FA35DD9648B1078D4 /* Monitor.swift */,
				DCF5F192A06B63247B2A3034 /* Repository.swift */,
				56EDA1896E8D23BB20A3F8A9 /* Router.swift */,
				CF056AE4E4C595F3268F048A /* User.swift */,
			);
			path = Model;
			sourceTree = "<group>";
		};
		EDE2378B2BE2DEEB00732601 /* Views */ = {
			isa = PBXGroup;
			children = (
			);
			path = Views;
			sourceTree = "<group>";
		};
		EE79A005A82E8955FE6BD629 /* ui */ = {
			isa = PBXGroup;
			children = (
				57DBC9365AB144D4201EEEDE /* propromoUITests.swift */,
				2DDA15A30A5DD36BEADA81C6 /* propromoUITestsLaunchTests.swift */,
			);
			name = ui;
			path = core/tests/ui;
			sourceTree = "<group>";
		};
		EE8BA00B77EEAB8AD8AF11A6 /* ViewModels */ = {
			isa = PBXGroup;
			children = (
				32EA28B1753CFC7C6A397746 /* keep */,
				80C6ECFDA0221D0B7A89847B /* LoginViewModel.swift */,
			);
			path = ViewModels;
			sourceTree = "<group>";
		};
		EFC930E1408618707320146C /* Base */ = {
			isa = PBXGroup;
			children = (
				EDE2378B2BE2DEEB00732601 /* Views */,
				EDE2378A2BE2DEDA00732601 /* Model */,
				BBC2A3A98EAD7B0FA0345DC0 /* .keep */,
			);
			name = Base;
			path = core/Base;
			sourceTree = "<group>";
		};
		F3386E4714F4C2D0EE8FE567 /* propromo */ = {
			isa = PBXGroup;
			children = (
				EFC930E1408618707320146C /* Base */,
				8CDEDFBF4F19DC6333558F5D /* Features */,
				70D8EA0A6DF951CD3812D0BC /* Resources */,
				14AFC708AB4941833EACC35B /* Services */,
				EE79A005A82E8955FE6BD629 /* ui */,
				88E59156B9FC1C36B294D7C3 /* unit */,
			);
			name = propromo;
			sourceTree = "<group>";
		};
		F66D47082D090E386C9CBC28 /* Model */ = {
			isa = PBXGroup;
			children = (
				D9BA6AB4E276355BCCEE22B2 /* keep */,
			);
			path = Model;
			sourceTree = "<group>";
		};
		FF9248F50EDBD1DE7D7CC8D1 /* Views */ = {
			isa = PBXGroup;
			children = (
				0BDE520E05FC7588D9CECD64 /* HomeView.swift */,
			);
			path = Views;
			sourceTree = "<group>";
		};
/* End PBXGroup section */

/* Begin PBXNativeTarget section */
		5E4DA902E7B78ED5A04F9203 /* UnitTests */ = {
			isa = PBXNativeTarget;
			buildConfigurationList = FF6C56E7233283FCA1C634ED /* Build configuration list for PBXNativeTarget "UnitTests" */;
			buildPhases = (
				52BC79A3D670AFCE1A013D09 /* Sources */,
			);
			buildRules = (
			);
			dependencies = (
				E0D277B6CD0DABE9ABDFB934 /* PBXTargetDependency */,
			);
			name = UnitTests;
			productName = UnitTests;
			productReference = C4253AA0EF05526266CE440F /* UnitTests.xctest */;
			productType = "com.apple.product-type.bundle.unit-test";
		};
		64B882EBD03215E0B1618472 /* Propromo */ = {
			isa = PBXNativeTarget;
			buildConfigurationList = 137B9BA0CC94DDA3C4862043 /* Build configuration list for PBXNativeTarget "Propromo" */;
			buildPhases = (
				080526EAFCCAA69B814F4E69 /* Sources */,
				A64F1E533D902749331F8714 /* Resources */,
				CA41EDCE8021C2C29BAC444D /* Frameworks */,
			);
			buildRules = (
			);
			dependencies = (
			);
			name = Propromo;
			packageProductDependencies = (
				824E835507BA1E78945677CB /* Alamofire */,
			);
			productName = Propromo;
			productReference = A2554D185044782885B5D878 /* Propromo.app */;
			productType = "com.apple.product-type.application";
		};
		BB6FE07CC5C80CB6605D2162 /* UiTests */ = {
			isa = PBXNativeTarget;
			buildConfigurationList = 10DDE534902448452198E952 /* Build configuration list for PBXNativeTarget "UiTests" */;
			buildPhases = (
				1C33060C2C083A2556BA9035 /* Sources */,
			);
			buildRules = (
			);
			dependencies = (
				7F6F28A3E1C1F34FE8216DF3 /* PBXTargetDependency */,
			);
			name = UiTests;
			productName = UiTests;
			productReference = 4C0A089EF51AEB4650FF1426 /* UiTests.xctest */;
			productType = "com.apple.product-type.bundle.ui-testing";
		};
/* End PBXNativeTarget section */

/* Begin PBXProject section */
		89E64F78C528DDAD7B808CE1 /* Project object */ = {
			isa = PBXProject;
			attributes = {
				BuildIndependentTargetsInParallel = YES;
				LastUpgradeCheck = 1430;
				TargetAttributes = {
					BB6FE07CC5C80CB6605D2162 = {
						TestTargetID = 64B882EBD03215E0B1618472;
					};
				};
			};
			buildConfigurationList = 5E90004256C5163C92A0B687 /* Build configuration list for PBXProject "Propromo" */;
			compatibilityVersion = "Xcode 14.0";
			developmentRegion = en;
			hasScannedForEncodings = 0;
			knownRegions = (
				Base,
				en,
			);
			mainGroup = 32EA3E835249F999B91E18BE;
			packageReferences = (
				D2D00C5427056F0AD316861C /* XCRemoteSwiftPackageReference "Alamofire" */,
			);
			projectDirPath = "";
			projectRoot = "";
			targets = (
				64B882EBD03215E0B1618472 /* Propromo */,
				BB6FE07CC5C80CB6605D2162 /* UiTests */,
				5E4DA902E7B78ED5A04F9203 /* UnitTests */,
			);
		};
/* End PBXProject section */

/* Begin PBXResourcesBuildPhase section */
		A64F1E533D902749331F8714 /* Resources */ = {
			isa = PBXResourcesBuildPhase;
			buildActionMask = 2147483647;
			files = (
				E228C171B52F33DEAE22A4DB /* Assets.xcassets in Resources */,
				A95991E499F568E1767225A5 /* Preview Assets.xcassets in Resources */,
			);
			runOnlyForDeploymentPostprocessing = 0;
		};
/* End PBXResourcesBuildPhase section */

/* Begin PBXSourcesBuildPhase section */
		080526EAFCCAA69B814F4E69 /* Sources */ = {
			isa = PBXSourcesBuildPhase;
			buildActionMask = 2147483647;
			files = (
				5CAFE377C58B12E8748C0207 /* ChooseProviderView.swift in Sources */,
				C3FC9390506430B1B80DB7B3 /* Components.swift in Sources */,
				763EA7C8670322F97DEB3AD3 /* ContentView.swift in Sources */,
				8A0622DD38FF3A2C1D566DC6 /* CreateMonitorView.swift in Sources */,
				411229B74FF5C8ABD8F9FCD3 /* HomeView.swift in Sources */,
				C215D18CDE9778E3FC890996 /* Icons.swift in Sources */,
				E966A9250A5115A4D1010928 /* JoinMonitorRequest.swift in Sources */,
				7FFC129419E6A807BBEDB67D /* JoinMonitorResponse.swift in Sources */,
				C65F1C873F394DD66FD06A23 /* JoinMonitorView.swift in Sources */,
				4392756DE2F4E41F9C85AF28 /* JoinMonitorViewModel.swift in Sources */,
				EDE237872BE2D20800732601 /* MonitorRowView.swift in Sources */,
				299C1BB9ED40DE29A7CA97EB /* LogInView.swift in Sources */,
				C285634A067BA0211785F366 /* LoginRequest.swift in Sources */,
				41AAB9DEEC69486A8DDECC42 /* LoginResponse.swift in Sources */,
				C65ACF181190475C444F5364 /* LoginService.swift in Sources */,
				AABFF2EC9DBDD2518C4D0550 /* LoginViewModel.swift in Sources */,
				00F661DDCE7BF473C6FFE004 /* Milestone.swift in Sources */,
				1E894D84C2507BB37B2EF1D2 /* Model.swift in Sources */,
				B6142CC657378B9B288C91B7 /* Monitor.swift in Sources */,
				71AA5E2930AFE21D162ED558 /* MonitorAuthenticationView.swift in Sources */,
				A76A696F6F4EDB51044F61D5 /* MonitorConfirmationView.swift in Sources */,
				EDE2378D2BE2F1C400732601 /* RepositoryModel.swift in Sources */,
				74C53AB6B86B5883C063AC0B /* MonitorDetailsView.swift in Sources */,
				C7A45594C8FB8BC972D18905 /* MonitorService.swift in Sources */,
				05E0F89D5CF7F1C04F214F9B /* MonitorsModel.swift in Sources */,
				28C775A88BBFFB6B0D993DB2 /* MonitorsRequest.swift in Sources */,
				F340B55DF40B153A34DEF816 /* MonitorsResponse.swift in Sources */,
				93ABC9D3FDEBAB2A4A446A35 /* MonitorsView.swift in Sources */,
				EDE237892BE2D21600732601 /* MonitorListView.swift in Sources */,
				6DAF2905863927AE5E16C74F /* MonitorsViewModel.swift in Sources */,
				F593FCBFB976113A4D8854BB /* RegisterRequest.swift in Sources */,
				93F2B2B05E54FBAF1D8554A5 /* RegisterResponse.swift in Sources */,
				1117BE1E4984D04C3FA3AC45 /* RegisterService.swift in Sources */,
				311E6A389777489118BFDC56 /* RegisterViewModel.swift in Sources */,
				4377F269637D82B5E2608DA1 /* RegistrationView.swift in Sources */,
				2692979550F97BD0EB53BB12 /* Repository.swift in Sources */,
				EC9102A0DFA148BD0AC10CE7 /* RepositoryResponse.swift in Sources */,
				5DDBF05D14010E0933980FE7 /* RepositoryService.swift in Sources */,
				F4CC89B61EBE53D8C4129D89 /* Response.swift in Sources */,
				994F7960D75794FD5D793A84 /* Router.swift in Sources */,
				8E1A10E1964C668D9646F06D /* User.swift in Sources */,
				EDE2378F2BE2F3C500732601 /* RepositoryListView.swift in Sources */,
				999A34DF0251866991AB41DD /* Views.swift in Sources */,
				EDE237932BE2F3F900732601 /* RepositoryDetailsView.swift in Sources */,
				A5021F893F6506D17BFED561 /* propromoApp.swift in Sources */,
				EDE237912BE2F3E100732601 /* RepositoryRowView.swift in Sources */,
			);
			runOnlyForDeploymentPostprocessing = 0;
		};
		1C33060C2C083A2556BA9035 /* Sources */ = {
			isa = PBXSourcesBuildPhase;
			buildActionMask = 2147483647;
			files = (
				77DC3F934ECDBC98DEC7D127 /* propromoUITests.swift in Sources */,
				5F690CAC9106BEB827B670A2 /* propromoUITestsLaunchTests.swift in Sources */,
			);
			runOnlyForDeploymentPostprocessing = 0;
		};
		52BC79A3D670AFCE1A013D09 /* Sources */ = {
			isa = PBXSourcesBuildPhase;
			buildActionMask = 2147483647;
			files = (
				8B5E38726F88DDF6E7B14B46 /* propromoTests.swift in Sources */,
			);
			runOnlyForDeploymentPostprocessing = 0;
		};
/* End PBXSourcesBuildPhase section */

/* Begin PBXTargetDependency section */
		7F6F28A3E1C1F34FE8216DF3 /* PBXTargetDependency */ = {
			isa = PBXTargetDependency;
			target = 64B882EBD03215E0B1618472 /* Propromo */;
			targetProxy = 0EC4E5B903F83830A3FE9CAE /* PBXContainerItemProxy */;
		};
		E0D277B6CD0DABE9ABDFB934 /* PBXTargetDependency */ = {
			isa = PBXTargetDependency;
			target = 64B882EBD03215E0B1618472 /* Propromo */;
			targetProxy = 134E9406BE98A01F0959199E /* PBXContainerItemProxy */;
		};
/* End PBXTargetDependency section */

/* Begin XCBuildConfiguration section */
		0F93DA55876A9F7DB710FE08 /* Release */ = {
			isa = XCBuildConfiguration;
			buildSettings = {
				BUNDLE_LOADER = "$(TEST_HOST)";
				LD_RUNPATH_SEARCH_PATHS = (
					"$(inherited)",
					"@executable_path/Frameworks",
					"@loader_path/Frameworks",
				);
				PRODUCT_BUNDLE_IDENTIFIER = com.propromo.UiTests;
				SDKROOT = iphoneos;
				TARGETED_DEVICE_FAMILY = "1,2";
				TEST_TARGET_NAME = Propromo;
			};
			name = Release;
		};
		21C76CFCBBBA2458889A13BE /* Debug */ = {
			isa = XCBuildConfiguration;
			buildSettings = {
				ASSETCATALOG_COMPILER_APPICON_NAME = AppIcon;
				CODE_SIGN_IDENTITY = "iPhone Developer";
				INFOPLIST_FILE = "Propromo-Info.plist";
				IPHONEOS_DEPLOYMENT_TARGET = 17.0;
				LD_RUNPATH_SEARCH_PATHS = (
					"$(inherited)",
					"@executable_path/Frameworks",
				);
				PRODUCT_BUNDLE_IDENTIFIER = com.propromo.Propromo;
				SDKROOT = iphoneos;
				TARGETED_DEVICE_FAMILY = "1,2";
			};
			name = Debug;
		};
		5B9EBCF62ECEC91C21D026B4 /* Debug */ = {
			isa = XCBuildConfiguration;
			buildSettings = {
				BUNDLE_LOADER = "$(TEST_HOST)";
				LD_RUNPATH_SEARCH_PATHS = (
					"$(inherited)",
					"@executable_path/Frameworks",
					"@loader_path/Frameworks",
				);
				PRODUCT_BUNDLE_IDENTIFIER = com.propromo.UiTests;
				SDKROOT = iphoneos;
				TARGETED_DEVICE_FAMILY = "1,2";
				TEST_TARGET_NAME = Propromo;
			};
			name = Debug;
		};
		6F78C5A93F39FE083EEA37BA /* Release */ = {
			isa = XCBuildConfiguration;
			buildSettings = {
				ALWAYS_SEARCH_USER_PATHS = NO;
				CLANG_ANALYZER_NONNULL = YES;
				CLANG_ANALYZER_NUMBER_OBJECT_CONVERSION = YES_AGGRESSIVE;
				CLANG_CXX_LANGUAGE_STANDARD = "gnu++14";
				CLANG_CXX_LIBRARY = "libc++";
				CLANG_ENABLE_MODULES = YES;
				CLANG_ENABLE_OBJC_ARC = YES;
				CLANG_ENABLE_OBJC_WEAK = YES;
				CLANG_WARN_BLOCK_CAPTURE_AUTORELEASING = YES;
				CLANG_WARN_BOOL_CONVERSION = YES;
				CLANG_WARN_COMMA = YES;
				CLANG_WARN_CONSTANT_CONVERSION = YES;
				CLANG_WARN_DEPRECATED_OBJC_IMPLEMENTATIONS = YES;
				CLANG_WARN_DIRECT_OBJC_ISA_USAGE = YES_ERROR;
				CLANG_WARN_DOCUMENTATION_COMMENTS = YES;
				CLANG_WARN_EMPTY_BODY = YES;
				CLANG_WARN_ENUM_CONVERSION = YES;
				CLANG_WARN_INFINITE_RECURSION = YES;
				CLANG_WARN_INT_CONVERSION = YES;
				CLANG_WARN_NON_LITERAL_NULL_CONVERSION = YES;
				CLANG_WARN_OBJC_IMPLICIT_RETAIN_SELF = YES;
				CLANG_WARN_OBJC_LITERAL_CONVERSION = YES;
				CLANG_WARN_OBJC_ROOT_CLASS = YES_ERROR;
				CLANG_WARN_QUOTED_INCLUDE_IN_FRAMEWORK_HEADER = YES;
				CLANG_WARN_RANGE_LOOP_ANALYSIS = YES;
				CLANG_WARN_STRICT_PROTOTYPES = YES;
				CLANG_WARN_SUSPICIOUS_MOVE = YES;
				CLANG_WARN_UNGUARDED_AVAILABILITY = YES_AGGRESSIVE;
				CLANG_WARN_UNREACHABLE_CODE = YES;
				CLANG_WARN__DUPLICATE_METHOD_MATCH = YES;
				COPY_PHASE_STRIP = NO;
				CURRENT_PROJECT_VERSION = 0.0.0;
				DEBUG_INFORMATION_FORMAT = "dwarf-with-dsym";
				ENABLE_NS_ASSERTIONS = NO;
				ENABLE_STRICT_OBJC_MSGSEND = YES;
				GCC_C_LANGUAGE_STANDARD = gnu11;
				GCC_NO_COMMON_BLOCKS = YES;
				GCC_WARN_64_TO_32_BIT_CONVERSION = YES;
				GCC_WARN_ABOUT_RETURN_TYPE = YES_ERROR;
				GCC_WARN_UNDECLARED_SELECTOR = YES;
				GCC_WARN_UNINITIALIZED_AUTOS = YES_AGGRESSIVE;
				GCC_WARN_UNUSED_FUNCTION = YES;
				GCC_WARN_UNUSED_VARIABLE = YES;
				GENERATE_INFOPLIST_FILE = YES;
				MARKETING_VERSION = 0.0.0;
				MTL_ENABLE_DEBUG_INFO = NO;
				MTL_FAST_MATH = YES;
				PRODUCT_NAME = "$(TARGET_NAME)";
				SDKROOT = iphoneos;
				SWIFT_COMPILATION_MODE = wholemodule;
				SWIFT_OPTIMIZATION_LEVEL = "-O";
				SWIFT_VERSION = 5.0;
			};
			name = Release;
		};
		73EA5140CD87202F7A33575C /* Debug */ = {
			isa = XCBuildConfiguration;
			buildSettings = {
				BUNDLE_LOADER = "$(TEST_HOST)";
				LD_RUNPATH_SEARCH_PATHS = (
					"$(inherited)",
					"@executable_path/Frameworks",
					"@loader_path/Frameworks",
				);
				PRODUCT_BUNDLE_IDENTIFIER = com.propromo.UnitTests;
				SDKROOT = iphoneos;
				TARGETED_DEVICE_FAMILY = "1,2";
				TEST_HOST = "$(BUILT_PRODUCTS_DIR)/Propromo.app/Propromo";
			};
			name = Debug;
		};
		86E6B65E27FA2E6EA21527E0 /* Debug */ = {
			isa = XCBuildConfiguration;
			buildSettings = {
				ALWAYS_SEARCH_USER_PATHS = NO;
				CLANG_ANALYZER_NONNULL = YES;
				CLANG_ANALYZER_NUMBER_OBJECT_CONVERSION = YES_AGGRESSIVE;
				CLANG_CXX_LANGUAGE_STANDARD = "gnu++14";
				CLANG_CXX_LIBRARY = "libc++";
				CLANG_ENABLE_MODULES = YES;
				CLANG_ENABLE_OBJC_ARC = YES;
				CLANG_ENABLE_OBJC_WEAK = YES;
				CLANG_WARN_BLOCK_CAPTURE_AUTORELEASING = YES;
				CLANG_WARN_BOOL_CONVERSION = YES;
				CLANG_WARN_COMMA = YES;
				CLANG_WARN_CONSTANT_CONVERSION = YES;
				CLANG_WARN_DEPRECATED_OBJC_IMPLEMENTATIONS = YES;
				CLANG_WARN_DIRECT_OBJC_ISA_USAGE = YES_ERROR;
				CLANG_WARN_DOCUMENTATION_COMMENTS = YES;
				CLANG_WARN_EMPTY_BODY = YES;
				CLANG_WARN_ENUM_CONVERSION = YES;
				CLANG_WARN_INFINITE_RECURSION = YES;
				CLANG_WARN_INT_CONVERSION = YES;
				CLANG_WARN_NON_LITERAL_NULL_CONVERSION = YES;
				CLANG_WARN_OBJC_IMPLICIT_RETAIN_SELF = YES;
				CLANG_WARN_OBJC_LITERAL_CONVERSION = YES;
				CLANG_WARN_OBJC_ROOT_CLASS = YES_ERROR;
				CLANG_WARN_QUOTED_INCLUDE_IN_FRAMEWORK_HEADER = YES;
				CLANG_WARN_RANGE_LOOP_ANALYSIS = YES;
				CLANG_WARN_STRICT_PROTOTYPES = YES;
				CLANG_WARN_SUSPICIOUS_MOVE = YES;
				CLANG_WARN_UNGUARDED_AVAILABILITY = YES_AGGRESSIVE;
				CLANG_WARN_UNREACHABLE_CODE = YES;
				CLANG_WARN__DUPLICATE_METHOD_MATCH = YES;
				COPY_PHASE_STRIP = NO;
				CURRENT_PROJECT_VERSION = 0.0.0;
				DEBUG_INFORMATION_FORMAT = dwarf;
				ENABLE_STRICT_OBJC_MSGSEND = YES;
				ENABLE_TESTABILITY = YES;
				GCC_C_LANGUAGE_STANDARD = gnu11;
				GCC_DYNAMIC_NO_PIC = NO;
				GCC_NO_COMMON_BLOCKS = YES;
				GCC_OPTIMIZATION_LEVEL = 0;
				GCC_PREPROCESSOR_DEFINITIONS = (
					"$(inherited)",
					"DEBUG=1",
				);
				GCC_WARN_64_TO_32_BIT_CONVERSION = YES;
				GCC_WARN_ABOUT_RETURN_TYPE = YES_ERROR;
				GCC_WARN_UNDECLARED_SELECTOR = YES;
				GCC_WARN_UNINITIALIZED_AUTOS = YES_AGGRESSIVE;
				GCC_WARN_UNUSED_FUNCTION = YES;
				GCC_WARN_UNUSED_VARIABLE = YES;
				GENERATE_INFOPLIST_FILE = YES;
				MARKETING_VERSION = 0.0.0;
				MTL_ENABLE_DEBUG_INFO = INCLUDE_SOURCE;
				MTL_FAST_MATH = YES;
				ONLY_ACTIVE_ARCH = YES;
				PRODUCT_NAME = "$(TARGET_NAME)";
				SDKROOT = iphoneos;
				SWIFT_ACTIVE_COMPILATION_CONDITIONS = DEBUG;
				SWIFT_OPTIMIZATION_LEVEL = "-Onone";
				SWIFT_VERSION = 5.0;
			};
			name = Debug;
		};
		A058B63C8CB61923281BB54E /* Release */ = {
			isa = XCBuildConfiguration;
			buildSettings = {
				BUNDLE_LOADER = "$(TEST_HOST)";
				LD_RUNPATH_SEARCH_PATHS = (
					"$(inherited)",
					"@executable_path/Frameworks",
					"@loader_path/Frameworks",
				);
				PRODUCT_BUNDLE_IDENTIFIER = com.propromo.UnitTests;
				SDKROOT = iphoneos;
				TARGETED_DEVICE_FAMILY = "1,2";
				TEST_HOST = "$(BUILT_PRODUCTS_DIR)/Propromo.app/Propromo";
			};
			name = Release;
		};
		D155E503F44694FBC391D5B4 /* Release */ = {
			isa = XCBuildConfiguration;
			buildSettings = {
				ASSETCATALOG_COMPILER_APPICON_NAME = AppIcon;
				CODE_SIGN_IDENTITY = "iPhone Developer";
				INFOPLIST_FILE = "Propromo-Info.plist";
				IPHONEOS_DEPLOYMENT_TARGET = 17.0;
				LD_RUNPATH_SEARCH_PATHS = (
					"$(inherited)",
					"@executable_path/Frameworks",
				);
				PRODUCT_BUNDLE_IDENTIFIER = com.propromo.Propromo;
				SDKROOT = iphoneos;
				TARGETED_DEVICE_FAMILY = "1,2";
			};
			name = Release;
		};
/* End XCBuildConfiguration section */

/* Begin XCConfigurationList section */
		10DDE534902448452198E952 /* Build configuration list for PBXNativeTarget "UiTests" */ = {
			isa = XCConfigurationList;
			buildConfigurations = (
				5B9EBCF62ECEC91C21D026B4 /* Debug */,
				0F93DA55876A9F7DB710FE08 /* Release */,
			);
			defaultConfigurationIsVisible = 0;
			defaultConfigurationName = Debug;
		};
		137B9BA0CC94DDA3C4862043 /* Build configuration list for PBXNativeTarget "Propromo" */ = {
			isa = XCConfigurationList;
			buildConfigurations = (
				21C76CFCBBBA2458889A13BE /* Debug */,
				D155E503F44694FBC391D5B4 /* Release */,
			);
			defaultConfigurationIsVisible = 0;
			defaultConfigurationName = Debug;
		};
		5E90004256C5163C92A0B687 /* Build configuration list for PBXProject "Propromo" */ = {
			isa = XCConfigurationList;
			buildConfigurations = (
				86E6B65E27FA2E6EA21527E0 /* Debug */,
				6F78C5A93F39FE083EEA37BA /* Release */,
			);
			defaultConfigurationIsVisible = 0;
			defaultConfigurationName = Debug;
		};
		FF6C56E7233283FCA1C634ED /* Build configuration list for PBXNativeTarget "UnitTests" */ = {
			isa = XCConfigurationList;
			buildConfigurations = (
				73EA5140CD87202F7A33575C /* Debug */,
				A058B63C8CB61923281BB54E /* Release */,
			);
			defaultConfigurationIsVisible = 0;
			defaultConfigurationName = Debug;
		};
/* End XCConfigurationList section */

/* Begin XCRemoteSwiftPackageReference section */
		D2D00C5427056F0AD316861C /* XCRemoteSwiftPackageReference "Alamofire" */ = {
			isa = XCRemoteSwiftPackageReference;
			repositoryURL = "https://github.com/Alamofire/Alamofire";
			requirement = {
				kind = upToNextMajorVersion;
				minimumVersion = 5.5.0;
			};
		};
/* End XCRemoteSwiftPackageReference section */

/* Begin XCSwiftPackageProductDependency section */
		824E835507BA1E78945677CB /* Alamofire */ = {
			isa = XCSwiftPackageProductDependency;
			package = D2D00C5427056F0AD316861C /* XCRemoteSwiftPackageReference "Alamofire" */;
			productName = Alamofire;
		};
/* End XCSwiftPackageProductDependency section */
	};
	rootObject = 89E64F78C528DDAD7B808CE1 /* Project object */;
}
